// !$*UTF8*$!
{
	archiveVersion = 1;
	classes = {
	};
	objectVersion = 46;
	objects = {

/* Begin PBXBuildFile section */
		3DCA0EBC1E0DBFF20054AFA7 /* AppDelegate.swift in Sources */ = {isa = PBXBuildFile; fileRef = 3DCA0EBB1E0DBFF20054AFA7 /* AppDelegate.swift */; };
		3DCA0EBE1E0DBFF20054AFA7 /* ViewController.swift in Sources */ = {isa = PBXBuildFile; fileRef = 3DCA0EBD1E0DBFF20054AFA7 /* ViewController.swift */; };
		3DCA0EC11E0DBFF20054AFA7 /* Main.storyboard in Resources */ = {isa = PBXBuildFile; fileRef = 3DCA0EBF1E0DBFF20054AFA7 /* Main.storyboard */; };
		3DCA0EC31E0DBFF20054AFA7 /* Assets.xcassets in Resources */ = {isa = PBXBuildFile; fileRef = 3DCA0EC21E0DBFF20054AFA7 /* Assets.xcassets */; };
		3DCA0EC61E0DBFF20054AFA7 /* LaunchScreen.storyboard in Resources */ = {isa = PBXBuildFile; fileRef = 3DCA0EC41E0DBFF20054AFA7 /* LaunchScreen.storyboard */; };
		3DCA0ED11E0DBFF20054AFA7 /* Flour_Power_3_0Tests.swift in Sources */ = {isa = PBXBuildFile; fileRef = 3DCA0ED01E0DBFF20054AFA7 /* Flour_Power_3_0Tests.swift */; };
		3DCA0EDC1E0DBFF20054AFA7 /* Flour_Power_3_0UITests.swift in Sources */ = {isa = PBXBuildFile; fileRef = 3DCA0EDB1E0DBFF20054AFA7 /* Flour_Power_3_0UITests.swift */; };
/* End PBXBuildFile section */

/* Begin PBXContainerItemProxy section */
		3DCA0ECD1E0DBFF20054AFA7 /* PBXContainerItemProxy */ = {
			isa = PBXContainerItemProxy;
			containerPortal = 3DCA0EB01E0DBFF20054AFA7 /* Project object */;
			proxyType = 1;
			remoteGlobalIDString = 3DCA0EB71E0DBFF20054AFA7;
			remoteInfo = "Flour Power 3.0";
		};
		3DCA0ED81E0DBFF20054AFA7 /* PBXContainerItemProxy */ = {
			isa = PBXContainerItemProxy;
			containerPortal = 3DCA0EB01E0DBFF20054AFA7 /* Project object */;
			proxyType = 1;
			remoteGlobalIDString = 3DCA0EB71E0DBFF20054AFA7;
			remoteInfo = "Flour Power 3.0";
		};
/* End PBXContainerItemProxy section */

/* Begin PBXFileReference section */
		3DCA0EB81E0DBFF20054AFA7 /* Flour Power 3.0.app */ = {isa = PBXFileReference; explicitFileType = wrapper.application; includeInIndex = 0; path = "Flour Power 3.0.app"; sourceTree = BUILT_PRODUCTS_DIR; };
		3DCA0EBB1E0DBFF20054AFA7 /* AppDelegate.swift */ = {isa = PBXFileReference; lastKnownFileType = sourcecode.swift; path = AppDelegate.swift; sourceTree = "<group>"; };
		3DCA0EBD1E0DBFF20054AFA7 /* ViewController.swift */ = {isa = PBXFileReference; lastKnownFileType = sourcecode.swift; path = ViewController.swift; sourceTree = "<group>"; };
		3DCA0EC01E0DBFF20054AFA7 /* Base */ = {isa = PBXFileReference; lastKnownFileType = file.storyboard; name = Base; path = Base.lproj/Main.storyboard; sourceTree = "<group>"; };
		3DCA0EC21E0DBFF20054AFA7 /* Assets.xcassets */ = {isa = PBXFileReference; lastKnownFileType = folder.assetcatalog; path = Assets.xcassets; sourceTree = "<group>"; };
		3DCA0EC51E0DBFF20054AFA7 /* Base */ = {isa = PBXFileReference; lastKnownFileType = file.storyboard; name = Base; path = Base.lproj/LaunchScreen.storyboard; sourceTree = "<group>"; };
		3DCA0EC71E0DBFF20054AFA7 /* Info.plist */ = {isa = PBXFileReference; lastKnownFileType = text.plist.xml; path = Info.plist; sourceTree = "<group>"; };
		3DCA0ECC1E0DBFF20054AFA7 /* Flour Power 3.0Tests.xctest */ = {isa = PBXFileReference; explicitFileType = wrapper.cfbundle; includeInIndex = 0; path = "Flour Power 3.0Tests.xctest"; sourceTree = BUILT_PRODUCTS_DIR; };
		3DCA0ED01E0DBFF20054AFA7 /* Flour_Power_3_0Tests.swift */ = {isa = PBXFileReference; lastKnownFileType = sourcecode.swift; path = Flour_Power_3_0Tests.swift; sourceTree = "<group>"; };
		3DCA0ED21E0DBFF20054AFA7 /* Info.plist */ = {isa = PBXFileReference; lastKnownFileType = text.plist.xml; path = Info.plist; sourceTree = "<group>"; };
		3DCA0ED71E0DBFF20054AFA7 /* Flour Power 3.0UITests.xctest */ = {isa = PBXFileReference; explicitFileType = wrapper.cfbundle; includeInIndex = 0; path = "Flour Power 3.0UITests.xctest"; sourceTree = BUILT_PRODUCTS_DIR; };
		3DCA0EDB1E0DBFF20054AFA7 /* Flour_Power_3_0UITests.swift */ = {isa = PBXFileReference; lastKnownFileType = sourcecode.swift; path = Flour_Power_3_0UITests.swift; sourceTree = "<group>"; };
		3DCA0EDD1E0DBFF20054AFA7 /* Info.plist */ = {isa = PBXFileReference; lastKnownFileType = text.plist.xml; path = Info.plist; sourceTree = "<group>"; };
/* End PBXFileReference section */

/* Begin PBXFrameworksBuildPhase section */
		3DCA0EB51E0DBFF20054AFA7 /* Frameworks */ = {
			isa = PBXFrameworksBuildPhase;
			buildActionMask = 2147483647;
			files = (
			);
			runOnlyForDeploymentPostprocessing = 0;
		};
		3DCA0EC91E0DBFF20054AFA7 /* Frameworks */ = {
			isa = PBXFrameworksBuildPhase;
			buildActionMask = 2147483647;
			files = (
			);
			runOnlyForDeploymentPostprocessing = 0;
		};
		3DCA0ED41E0DBFF20054AFA7 /* Frameworks */ = {
			isa = PBXFrameworksBuildPhase;
			buildActionMask = 2147483647;
			files = (
			);
			runOnlyForDeploymentPostprocessing = 0;
		};
/* End PBXFrameworksBuildPhase section */

/* Begin PBXGroup section */
		3DCA0EAF1E0DBFF20054AFA7 = {
			isa = PBXGroup;
			children = (
				3DCA0EBA1E0DBFF20054AFA7 /* Flour Power 3.0 */,
				3DCA0ECF1E0DBFF20054AFA7 /* Flour Power 3.0Tests */,
				3DCA0EDA1E0DBFF20054AFA7 /* Flour Power 3.0UITests */,
				3DCA0EB91E0DBFF20054AFA7 /* Products */,
			);
			sourceTree = "<group>";
		};
		3DCA0EB91E0DBFF20054AFA7 /* Products */ = {
			isa = PBXGroup;
			children = (
				3DCA0EB81E0DBFF20054AFA7 /* Flour Power 3.0.app */,
				3DCA0ECC1E0DBFF20054AFA7 /* Flour Power 3.0Tests.xctest */,
				3DCA0ED71E0DBFF20054AFA7 /* Flour Power 3.0UITests.xctest */,
			);
			name = Products;
			sourceTree = "<group>";
		};
		3DCA0EBA1E0DBFF20054AFA7 /* Flour Power 3.0 */ = {
			isa = PBXGroup;
			children = (
				3DCA0EBB1E0DBFF20054AFA7 /* AppDelegate.swift */,
				3DCA0EBD1E0DBFF20054AFA7 /* ViewController.swift */,
				3DCA0EBF1E0DBFF20054AFA7 /* Main.storyboard */,
				3DCA0EC21E0DBFF20054AFA7 /* Assets.xcassets */,
				3DCA0EC41E0DBFF20054AFA7 /* LaunchScreen.storyboard */,
				3DCA0EC71E0DBFF20054AFA7 /* Info.plist */,
			);
			path = "Flour Power 3.0";
			sourceTree = "<group>";
		};
		3DCA0ECF1E0DBFF20054AFA7 /* Flour Power 3.0Tests */ = {
			isa = PBXGroup;
			children = (
				3DCA0ED01E0DBFF20054AFA7 /* Flour_Power_3_0Tests.swift */,
				3DCA0ED21E0DBFF20054AFA7 /* Info.plist */,
			);
			path = "Flour Power 3.0Tests";
			sourceTree = "<group>";
		};
		3DCA0EDA1E0DBFF20054AFA7 /* Flour Power 3.0UITests */ = {
			isa = PBXGroup;
			children = (
				3DCA0EDB1E0DBFF20054AFA7 /* Flour_Power_3_0UITests.swift */,
				3DCA0EDD1E0DBFF20054AFA7 /* Info.plist */,
			);
			path = "Flour Power 3.0UITests";
			sourceTree = "<group>";
		};
/* End PBXGroup section */

/* Begin PBXNativeTarget section */
		3DCA0EB71E0DBFF20054AFA7 /* Flour Power 3.0 */ = {
			isa = PBXNativeTarget;
			buildConfigurationList = 3DCA0EE01E0DBFF20054AFA7 /* Build configuration list for PBXNativeTarget "Flour Power 3.0" */;
			buildPhases = (
				3DCA0EB41E0DBFF20054AFA7 /* Sources */,
				3DCA0EB51E0DBFF20054AFA7 /* Frameworks */,
				3DCA0EB61E0DBFF20054AFA7 /* Resources */,
			);
			buildRules = (
			);
			dependencies = (
			);
			name = "Flour Power 3.0";
			productName = "Flour Power 3.0";
			productReference = 3DCA0EB81E0DBFF20054AFA7 /* Flour Power 3.0.app */;
			productType = "com.apple.product-type.application";
		};
		3DCA0ECB1E0DBFF20054AFA7 /* Flour Power 3.0Tests */ = {
			isa = PBXNativeTarget;
			buildConfigurationList = 3DCA0EE31E0DBFF20054AFA7 /* Build configuration list for PBXNativeTarget "Flour Power 3.0Tests" */;
			buildPhases = (
				3DCA0EC81E0DBFF20054AFA7 /* Sources */,
				3DCA0EC91E0DBFF20054AFA7 /* Frameworks */,
				3DCA0ECA1E0DBFF20054AFA7 /* Resources */,
			);
			buildRules = (
			);
			dependencies = (
				3DCA0ECE1E0DBFF20054AFA7 /* PBXTargetDependency */,
			);
			name = "Flour Power 3.0Tests";
			productName = "Flour Power 3.0Tests";
			productReference = 3DCA0ECC1E0DBFF20054AFA7 /* Flour Power 3.0Tests.xctest */;
			productType = "com.apple.product-type.bundle.unit-test";
		};
		3DCA0ED61E0DBFF20054AFA7 /* Flour Power 3.0UITests */ = {
			isa = PBXNativeTarget;
			buildConfigurationList = 3DCA0EE61E0DBFF20054AFA7 /* Build configuration list for PBXNativeTarget "Flour Power 3.0UITests" */;
			buildPhases = (
				3DCA0ED31E0DBFF20054AFA7 /* Sources */,
				3DCA0ED41E0DBFF20054AFA7 /* Frameworks */,
				3DCA0ED51E0DBFF20054AFA7 /* Resources */,
			);
			buildRules = (
			);
			dependencies = (
				3DCA0ED91E0DBFF20054AFA7 /* PBXTargetDependency */,
			);
			name = "Flour Power 3.0UITests";
			productName = "Flour Power 3.0UITests";
			productReference = 3DCA0ED71E0DBFF20054AFA7 /* Flour Power 3.0UITests.xctest */;
			productType = "com.apple.product-type.bundle.ui-testing";
		};
/* End PBXNativeTarget section */

/* Begin PBXProject section */
		3DCA0EB01E0DBFF20054AFA7 /* Project object */ = {
			isa = PBXProject;
			attributes = {
				LastSwiftUpdateCheck = 0820;
				LastUpgradeCheck = 0820;
				ORGANIZATIONNAME = "Kelly Robinson";
				TargetAttributes = {
					3DCA0EB71E0DBFF20054AFA7 = {
						CreatedOnToolsVersion = 8.2.1;
						DevelopmentTeam = EJ39HX343P;
						ProvisioningStyle = Automatic;
					};
					3DCA0ECB1E0DBFF20054AFA7 = {
						CreatedOnToolsVersion = 8.2.1;
						ProvisioningStyle = Automatic;
						TestTargetID = 3DCA0EB71E0DBFF20054AFA7;
					};
					3DCA0ED61E0DBFF20054AFA7 = {
						CreatedOnToolsVersion = 8.2.1;
						ProvisioningStyle = Automatic;
						TestTargetID = 3DCA0EB71E0DBFF20054AFA7;
					};
				};
			};
			buildConfigurationList = 3DCA0EB31E0DBFF20054AFA7 /* Build configuration list for PBXProject "Flour Power 3.0" */;
			compatibilityVersion = "Xcode 3.2";
			developmentRegion = English;
			hasScannedForEncodings = 0;
			knownRegions = (
				en,
				Base,
			);
			mainGroup = 3DCA0EAF1E0DBFF20054AFA7;
			productRefGroup = 3DCA0EB91E0DBFF20054AFA7 /* Products */;
			projectDirPath = "";
			projectRoot = "";
			targets = (
				3DCA0EB71E0DBFF20054AFA7 /* Flour Power 3.0 */,
				3DCA0ECB1E0DBFF20054AFA7 /* Flour Power 3.0Tests */,
				3DCA0ED61E0DBFF20054AFA7 /* Flour Power 3.0UITests */,
			);
		};
/* End PBXProject section */

/* Begin PBXResourcesBuildPhase section */
		3DCA0EB61E0DBFF20054AFA7 /* Resources */ = {
			isa = PBXResourcesBuildPhase;
			buildActionMask = 2147483647;
			files = (
				3DCA0EC61E0DBFF20054AFA7 /* LaunchScreen.storyboard in Resources */,
				3DCA0EC31E0DBFF20054AFA7 /* Assets.xcassets in Resources */,
				3DCA0EC11E0DBFF20054AFA7 /* Main.storyboard in Resources */,
			);
			runOnlyForDeploymentPostprocessing = 0;
		};
		3DCA0ECA1E0DBFF20054AFA7 /* Resources */ = {
			isa = PBXResourcesBuildPhase;
			buildActionMask = 2147483647;
			files = (
			);
			runOnlyForDeploymentPostprocessing = 0;
		};
		3DCA0ED51E0DBFF20054AFA7 /* Resources */ = {
			isa = PBXResourcesBuildPhase;
			buildActionMask = 2147483647;
			files = (
			);
			runOnlyForDeploymentPostprocessing = 0;
		};
/* End PBXResourcesBuildPhase section */

/* Begin PBXSourcesBuildPhase section */
		3DCA0EB41E0DBFF20054AFA7 /* Sources */ = {
			isa = PBXSourcesBuildPhase;
			buildActionMask = 2147483647;
			files = (
				3DCA0EBE1E0DBFF20054AFA7 /* ViewController.swift in Sources */,
				3DCA0EBC1E0DBFF20054AFA7 /* AppDelegate.swift in Sources */,
			);
			runOnlyForDeploymentPostprocessing = 0;
		};
		3DCA0EC81E0DBFF20054AFA7 /* Sources */ = {
			isa = PBXSourcesBuildPhase;
			buildActionMask = 2147483647;
			files = (
				3DCA0ED11E0DBFF20054AFA7 /* Flour_Power_3_0Tests.swift in Sources */,
			);
			runOnlyForDeploymentPostprocessing = 0;
		};
		3DCA0ED31E0DBFF20054AFA7 /* Sources */ = {
			isa = PBXSourcesBuildPhase;
			buildActionMask = 2147483647;
			files = (
				3DCA0EDC1E0DBFF20054AFA7 /* Flour_Power_3_0UITests.swift in Sources */,
			);
			runOnlyForDeploymentPostprocessing = 0;
		};
/* End PBXSourcesBuildPhase section */

/* Begin PBXTargetDependency section */
		3DCA0ECE1E0DBFF20054AFA7 /* PBXTargetDependency */ = {
			isa = PBXTargetDependency;
			target = 3DCA0EB71E0DBFF20054AFA7 /* Flour Power 3.0 */;
			targetProxy = 3DCA0ECD1E0DBFF20054AFA7 /* PBXContainerItemProxy */;
		};
		3DCA0ED91E0DBFF20054AFA7 /* PBXTargetDependency */ = {
			isa = PBXTargetDependency;
			target = 3DCA0EB71E0DBFF20054AFA7 /* Flour Power 3.0 */;
			targetProxy = 3DCA0ED81E0DBFF20054AFA7 /* PBXContainerItemProxy */;
		};
/* End PBXTargetDependency section */

/* Begin PBXVariantGroup section */
		3DCA0EBF1E0DBFF20054AFA7 /* Main.storyboard */ = {
			isa = PBXVariantGroup;
			children = (
				3DCA0EC01E0DBFF20054AFA7 /* Base */,
			);
			name = Main.storyboard;
			sourceTree = "<group>";
		};
		3DCA0EC41E0DBFF20054AFA7 /* LaunchScreen.storyboard */ = {
			isa = PBXVariantGroup;
			children = (
				3DCA0EC51E0DBFF20054AFA7 /* Base */,
			);
			name = LaunchScreen.storyboard;
			sourceTree = "<group>";
		};
/* End PBXVariantGroup section */

/* Begin XCBuildConfiguration section */
		3DCA0EDE1E0DBFF20054AFA7 /* Debug */ = {
			isa = XCBuildConfiguration;
			buildSettings = {
				ALWAYS_SEARCH_USER_PATHS = NO;
				CLANG_ANALYZER_NONNULL = YES;
				CLANG_CXX_LANGUAGE_STANDARD = "gnu++0x";
				CLANG_CXX_LIBRARY = "libc++";
				CLANG_ENABLE_MODULES = YES;
				CLANG_ENABLE_OBJC_ARC = YES;
				CLANG_WARN_BOOL_CONVERSION = YES;
				CLANG_WARN_CONSTANT_CONVERSION = YES;
				CLANG_WARN_DIRECT_OBJC_ISA_USAGE = YES_ERROR;
				CLANG_WARN_DOCUMENTATION_COMMENTS = YES;
				CLANG_WARN_EMPTY_BODY = YES;
				CLANG_WARN_ENUM_CONVERSION = YES;
				CLANG_WARN_INFINITE_RECURSION = YES;
				CLANG_WARN_INT_CONVERSION = YES;
				CLANG_WARN_OBJC_ROOT_CLASS = YES_ERROR;
				CLANG_WARN_SUSPICIOUS_MOVE = YES;
				CLANG_WARN_UNREACHABLE_CODE = YES;
				CLANG_WARN__DUPLICATE_METHOD_MATCH = YES;
				"CODE_SIGN_IDENTITY[sdk=iphoneos*]" = "iPhone Developer";
				COPY_PHASE_STRIP = NO;
				DEBUG_INFORMATION_FORMAT = dwarf;
				ENABLE_STRICT_OBJC_MSGSEND = YES;
				ENABLE_TESTABILITY = YES;
				GCC_C_LANGUAGE_STANDARD = gnu99;
				GCC_DYNAMIC_NO_PIC = NO;
				GCC_NO_COMMON_BLOCKS = YES;
				GCC_OPTIMIZATION_LEVEL = 0;
				GCC_PREPROCESSOR_DEFINITIONS = (
					"DEBUG=1",
					"$(inherited)",
				);
				GCC_WARN_64_TO_32_BIT_CONVERSION = YES;
				GCC_WARN_ABOUT_RETURN_TYPE = YES_ERROR;
				GCC_WARN_UNDECLARED_SELECTOR = YES;
				GCC_WARN_UNINITIALIZED_AUTOS = YES_AGGRESSIVE;
				GCC_WARN_UNUSED_FUNCTION = YES;
				GCC_WARN_UNUSED_VARIABLE = YES;
				IPHONEOS_DEPLOYMENT_TARGET = 10.2;
				MTL_ENABLE_DEBUG_INFO = YES;
				ONLY_ACTIVE_ARCH = YES;
				SDKROOT = iphoneos;
				SWIFT_ACTIVE_COMPILATION_CONDITIONS = DEBUG;
				SWIFT_OPTIMIZATION_LEVEL = "-Onone";
				TARGETED_DEVICE_FAMILY = "1,2";
			};
			name = Debug;
		};
		3DCA0EDF1E0DBFF20054AFA7 /* Release */ = {
			isa = XCBuildConfiguration;
			buildSettings = {
				ALWAYS_SEARCH_USER_PATHS = NO;
				CLANG_ANALYZER_NONNULL = YES;
				CLANG_CXX_LANGUAGE_STANDARD = "gnu++0x";
				CLANG_CXX_LIBRARY = "libc++";
				CLANG_ENABLE_MODULES = YES;
				CLANG_ENABLE_OBJC_ARC = YES;
				CLANG_WARN_BOOL_CONVERSION = YES;
				CLANG_WARN_CONSTANT_CONVERSION = YES;
				CLANG_WARN_DIRECT_OBJC_ISA_USAGE = YES_ERROR;
				CLANG_WARN_DOCUMENTATION_COMMENTS = YES;
				CLANG_WARN_EMPTY_BODY = YES;
				CLANG_WARN_ENUM_CONVERSION = YES;
				CLANG_WARN_INFINITE_RECURSION = YES;
				CLANG_WARN_INT_CONVERSION = YES;
				CLANG_WARN_OBJC_ROOT_CLASS = YES_ERROR;
				CLANG_WARN_SUSPICIOUS_MOVE = YES;
				CLANG_WARN_UNREACHABLE_CODE = YES;
				CLANG_WARN__DUPLICATE_METHOD_MATCH = YES;
				"CODE_SIGN_IDENTITY[sdk=iphoneos*]" = "iPhone Developer";
				COPY_PHASE_STRIP = NO;
				DEBUG_INFORMATION_FORMAT = "dwarf-with-dsym";
				ENABLE_NS_ASSERTIONS = NO;
				ENABLE_STRICT_OBJC_MSGSEND = YES;
				GCC_C_LANGUAGE_STANDARD = gnu99;
				GCC_NO_COMMON_BLOCKS = YES;
				GCC_WARN_64_TO_32_BIT_CONVERSION = YES;
				GCC_WARN_ABOUT_RETURN_TYPE = YES_ERROR;
				GCC_WARN_UNDECLARED_SELECTOR = YES;
				GCC_WARN_UNINITIALIZED_AUTOS = YES_AGGRESSIVE;
				GCC_WARN_UNUSED_FUNCTION = YES;
				GCC_WARN_UNUSED_VARIABLE = YES;
				IPHONEOS_DEPLOYMENT_TARGET = 10.2;
				MTL_ENABLE_DEBUG_INFO = NO;
				SDKROOT = iphoneos;
				SWIFT_OPTIMIZATION_LEVEL = "-Owholemodule";
				TARGETED_DEVICE_FAMILY = "1,2";
				VALIDATE_PRODUCT = YES;
			};
			name = Release;
		};
		3DCA0EE11E0DBFF20054AFA7 /* Debug */ = {
			isa = XCBuildConfiguration;
			buildSettings = {
				ASSETCATALOG_COMPILER_APPICON_NAME = AppIcon;
				DEVELOPMENT_TEAM = EJ39HX343P;
				INFOPLIST_FILE = "Flour Power 3.0/Info.plist";
				LD_RUNPATH_SEARCH_PATHS = "$(inherited) @executable_path/Frameworks";
				PRODUCT_BUNDLE_IDENTIFIER = "com.Kelly.Flour-Power-3-0";
				PRODUCT_NAME = "$(TARGET_NAME)";
				SWIFT_VERSION = 3.0;
			};
			name = Debug;
		};
		3DCA0EE21E0DBFF20054AFA7 /* Release */ = {
			isa = XCBuildConfiguration;
			buildSettings = {
				ASSETCATALOG_COMPILER_APPICON_NAME = AppIcon;
				DEVELOPMENT_TEAM = EJ39HX343P;
				INFOPLIST_FILE = "Flour Power 3.0/Info.plist";
				LD_RUNPATH_SEARCH_PATHS = "$(inherited) @executable_path/Frameworks";
				PRODUCT_BUNDLE_IDENTIFIER = "com.Kelly.Flour-Power-3-0";
				PRODUCT_NAME = "$(TARGET_NAME)";
				SWIFT_VERSION = 3.0;
			};
			name = Release;
		};
		3DCA0EE41E0DBFF20054AFA7 /* Debug */ = {
			isa = XCBuildConfiguration;
			buildSettings = {
				ALWAYS_EMBED_SWIFT_STANDARD_LIBRARIES = YES;
				BUNDLE_LOADER = "$(TEST_HOST)";
				INFOPLIST_FILE = "Flour Power 3.0Tests/Info.plist";
				LD_RUNPATH_SEARCH_PATHS = "$(inherited) @executable_path/Frameworks @loader_path/Frameworks";
				PRODUCT_BUNDLE_IDENTIFIER = "com.Kelly.Flour-Power-3-0Tests";
				PRODUCT_NAME = "$(TARGET_NAME)";
				SWIFT_VERSION = 3.0;
				TEST_HOST = "$(BUILT_PRODUCTS_DIR)/Flour Power 3.0.app/Flour Power 3.0";
			};
			name = Debug;
		};
		3DCA0EE51E0DBFF20054AFA7 /* Release */ = {
			isa = XCBuildConfiguration;
			buildSettings = {
				ALWAYS_EMBED_SWIFT_STANDARD_LIBRARIES = YES;
				BUNDLE_LOADER = "$(TEST_HOST)";
				INFOPLIST_FILE = "Flour Power 3.0Tests/Info.plist";
				LD_RUNPATH_SEARCH_PATHS = "$(inherited) @executable_path/Frameworks @loader_path/Frameworks";
				PRODUCT_BUNDLE_IDENTIFIER = "com.Kelly.Flour-Power-3-0Tests";
				PRODUCT_NAME = "$(TARGET_NAME)";
				SWIFT_VERSION = 3.0;
				TEST_HOST = "$(BUILT_PRODUCTS_DIR)/Flour Power 3.0.app/Flour Power 3.0";
			};
			name = Release;
		};
		3DCA0EE71E0DBFF20054AFA7 /* Debug */ = {
			isa = XCBuildConfiguration;
			buildSettings = {
				ALWAYS_EMBED_SWIFT_STANDARD_LIBRARIES = YES;
				INFOPLIST_FILE = "Flour Power 3.0UITests/Info.plist";
				LD_RUNPATH_SEARCH_PATHS = "$(inherited) @executable_path/Frameworks @loader_path/Frameworks";
				PRODUCT_BUNDLE_IDENTIFIER = "com.Kelly.Flour-Power-3-0UITests";
				PRODUCT_NAME = "$(TARGET_NAME)";
				SWIFT_VERSION = 3.0;
				TEST_TARGET_NAME = "Flour Power 3.0";
			};
			name = Debug;
		};
		3DCA0EE81E0DBFF20054AFA7 /* Release */ = {
			isa = XCBuildConfiguration;
			buildSettings = {
				ALWAYS_EMBED_SWIFT_STANDARD_LIBRARIES = YES;
				INFOPLIST_FILE = "Flour Power 3.0UITests/Info.plist";
				LD_RUNPATH_SEARCH_PATHS = "$(inherited) @executable_path/Frameworks @loader_path/Frameworks";
				PRODUCT_BUNDLE_IDENTIFIER = "com.Kelly.Flour-Power-3-0UITests";
				PRODUCT_NAME = "$(TARGET_NAME)";
				SWIFT_VERSION = 3.0;
				TEST_TARGET_NAME = "Flour Power 3.0";
			};
			name = Release;
		};
/* End XCBuildConfiguration section */

/* Begin XCConfigurationList section */
		3DCA0EB31E0DBFF20054AFA7 /* Build configuration list for PBXProject "Flour Power 3.0" */ = {
			isa = XCConfigurationList;
			buildConfigurations = (
				3DCA0EDE1E0DBFF20054AFA7 /* Debug */,
				3DCA0EDF1E0DBFF20054AFA7 /* Release */,
			);
			defaultConfigurationIsVisible = 0;
			defaultConfigurationName = Release;
		};
		3DCA0EE01E0DBFF20054AFA7 /* Build configuration list for PBXNativeTarget "Flour Power 3.0" */ = {
			isa = XCConfigurationList;
			buildConfigurations = (
				3DCA0EE11E0DBFF20054AFA7 /* Debug */,
				3DCA0EE21E0DBFF20054AFA7 /* Release */,
			);
			defaultConfigurationIsVisible = 0;
		};
		3DCA0EE31E0DBFF20054AFA7 /* Build configuration list for PBXNativeTarget "Flour Power 3.0Tests" */ = {
			isa = XCConfigurationList;
			buildConfigurations = (
				3DCA0EE41E0DBFF20054AFA7 /* Debug */,
				3DCA0EE51E0DBFF20054AFA7 /* Release */,
			);
			defaultConfigurationIsVisible = 0;
		};
		3DCA0EE61E0DBFF20054AFA7 /* Build configuration list for PBXNativeTarget "Flour Power 3.0UITests" */ = {
			isa = XCConfigurationList;
			buildConfigurations = (
				3DCA0EE71E0DBFF20054AFA7 /* Debug */,
				3DCA0EE81E0DBFF20054AFA7 /* Release */,
			);
			defaultConfigurationIsVisible = 0;
		};
/* End XCConfigurationList section */
	};
	rootObject = 3DCA0EB01E0DBFF20054AFA7 /* Project object */;
}
